{
    "version": 3,
    "terraform_version": "0.11.11",
    "serial": 3,
    "lineage": "92d5a012-bd26-43fe-f2e1-c18d0ca473e9",
    "modules": [
        {
            "path": [
                "root"
            ],
            "outputs": {},
            "resources": {
                "google_compute_instance.default": {
                    "type": "google_compute_instance",
                    "depends_on": [
                        "random_id.instance_id"
                    ],
                    "primary": {
                        "id": "gcpla-vm-893402bbe1493283",
                        "attributes": {
                            "attached_disk.#": "0",
                            "boot_disk.#": "1",
                            "boot_disk.0.auto_delete": "true",
                            "boot_disk.0.device_name": "persistent-disk-0",
                            "boot_disk.0.disk_encryption_key_raw": "",
                            "boot_disk.0.disk_encryption_key_sha256": "",
                            "boot_disk.0.initialize_params.#": "1",
                            "boot_disk.0.initialize_params.0.image": "https://www.googleapis.com/compute/v1/projects/debian-cloud/global/images/debian-9-stretch-v20190423",
                            "boot_disk.0.initialize_params.0.size": "10",
                            "boot_disk.0.initialize_params.0.type": "pd-standard",
                            "boot_disk.0.source": "https://www.googleapis.com/compute/v1/projects/gcplearning-240600/zones/asia-south1-c/disks/gcpla-vm-893402bbe1493283",
                            "can_ip_forward": "false",
                            "cpu_platform": "Intel Skylake",
                            "deletion_protection": "false",
                            "guest_accelerator.#": "0",
                            "hostname": "",
                            "id": "gcpla-vm-893402bbe1493283",
                            "instance_id": "4944751328442690914",
                            "label_fingerprint": "42WmSpB8rSM=",
                            "labels.%": "0",
                            "machine_type": "f1-micro",
                            "metadata.%": "0",
                            "metadata_fingerprint": "0oaSk7e68gU=",
                            "metadata_startup_script": "sudo apt-get update; sudo apt-get install -yq build-essential python-pip rsync; pip install flask",
                            "min_cpu_platform": "",
                            "name": "gcpla-vm-893402bbe1493283",
                            "network_interface.#": "1",
                            "network_interface.0.access_config.#": "1",
                            "network_interface.0.access_config.0.assigned_nat_ip": "",
                            "network_interface.0.access_config.0.nat_ip": "35.200.194.83",
                            "network_interface.0.access_config.0.network_tier": "PREMIUM",
                            "network_interface.0.access_config.0.public_ptr_domain_name": "",
                            "network_interface.0.address": "",
                            "network_interface.0.alias_ip_range.#": "0",
                            "network_interface.0.name": "nic0",
                            "network_interface.0.network": "https://www.googleapis.com/compute/v1/projects/gcplearning-240600/global/networks/default",
                            "network_interface.0.network_ip": "10.160.0.2",
                            "network_interface.0.subnetwork": "https://www.googleapis.com/compute/v1/projects/gcplearning-240600/regions/asia-south1/subnetworks/default",
                            "network_interface.0.subnetwork_project": "gcplearning-240600",
                            "project": "gcplearning-240600",
                            "scheduling.#": "1",
                            "scheduling.0.automatic_restart": "true",
                            "scheduling.0.node_affinities.#": "0",
                            "scheduling.0.on_host_maintenance": "MIGRATE",
                            "scheduling.0.preemptible": "false",
                            "scratch_disk.#": "0",
                            "self_link": "https://www.googleapis.com/compute/v1/projects/gcplearning-240600/zones/asia-south1-c/instances/gcpla-vm-893402bbe1493283",
                            "service_account.#": "0",
                            "tags.#": "0",
                            "tags_fingerprint": "42WmSpB8rSM=",
                            "zone": "asia-south1-c"
                        },
                        "meta": {
                            "e2bfb730-ecaa-11e6-8f88-34363bc7c4c0": {
                                "create": 360000000000,
                                "delete": 360000000000,
                                "update": 360000000000
                            },
                            "schema_version": "6"
                        },
                        "tainted": false
                    },
                    "deposed": [],
                    "provider": "provider.google"
                },
                "random_id.instance_id": {
                    "type": "random_id",
                    "depends_on": [],
                    "primary": {
                        "id": "iTQCu-FJMoM",
                        "attributes": {
                            "b64": "iTQCu-FJMoM",
                            "b64_std": "iTQCu+FJMoM=",
                            "b64_url": "iTQCu-FJMoM",
                            "byte_length": "8",
                            "dec": "9886530087946891907",
                            "hex": "893402bbe1493283",
                            "id": "iTQCu-FJMoM"
                        },
                        "meta": {},
                        "tainted": false
                    },
                    "deposed": [],
                    "provider": "provider.random"
                }
            },
            "depends_on": []
        }
    ]
}
